
Microsoft Visual Studio Solution File, Format Version 12.00
# Visual Studio Version 16
VisualStudioVersion = 16.0.31624.102
MinimumVisualStudioVersion = 10.0.40219.1
Project("{FAE04EC0-301F-11D3-BF4B-00C04F79EFBC}") = "App3.Android", "App3\App3.Android\App3.Android.csproj", "{0C629439-A8D0-4E09-BC35-4FD4BB9436F8}"
EndProject
Project("{FAE04EC0-301F-11D3-BF4B-00C04F79EFBC}") = "App3.iOS", "App3\App3.iOS\App3.iOS.csproj", "{7460EC1E-3BCF-4C2B-8B14-1F0333CB2BCE}"
EndProject
Project("{FAE04EC0-301F-11D3-BF4B-00C04F79EFBC}") = "App3", "App3\App3\App3.csproj", "{DF453994-C0C2-493D-964D-830E0C7FA9E4}"
EndProject
Global
	GlobalSection(SolutionConfigurationPlatforms) = preSolution
		Debug|Any CPU = Debug|Any CPU
		Debug|iPhone = Debug|iPhone
		Debug|iPhoneSimulator = Debug|iPhoneSimulator
		Release|Any CPU = Release|Any CPU
		Release|iPhone = Release|iPhone
		Release|iPhoneSimulator = Release|iPhoneSimulator
	EndGlobalSection
	GlobalSection(ProjectConfigurationPlatforms) = postSolution
		{0C629439-A8D0-4E09-BC35-4FD4BB9436F8}.Debug|Any CPU.ActiveCfg = Debug|Any CPU
		{0C629439-A8D0-4E09-BC35-4FD4BB9436F8}.Debug|Any CPU.Build.0 = Debug|Any CPU
		{0C629439-A8D0-4E09-BC35-4FD4BB9436F8}.Debug|Any CPU.Deploy.0 = Debug|Any CPU
		{0C629439-A8D0-4E09-BC35-4FD4BB9436F8}.Debug|iPhone.ActiveCfg = Debug|Any CPU
		{0C629439-A8D0-4E09-BC35-4FD4BB9436F8}.Debug|iPhone.Build.0 = Debug|Any CPU
		{0C629439-A8D0-4E09-BC35-4FD4BB9436F8}.Debug|iPhone.Deploy.0 = Debug|Any CPU
		{0C629439-A8D0-4E09-BC35-4FD4BB9436F8}.Debug|iPhoneSimulator.ActiveCfg = Debug|Any CPU
		{0C629439-A8D0-4E09-BC35-4FD4BB9436F8}.Debug|iPhoneSimulator.Build.0 = Debug|Any CPU
		{0C629439-A8D0-4E09-BC35-4FD4BB9436F8}.Debug|iPhoneSimulator.Deploy.0 = Debug|Any CPU
		{0C629439-A8D0-4E09-BC35-4FD4BB9436F8}.Release|Any CPU.ActiveCfg = Release|Any CPU
		{0C629439-A8D0-4E09-BC35-4FD4BB9436F8}.Release|Any CPU.Build.0 = Release|Any CPU
		{0C629439-A8D0-4E09-BC35-4FD4BB9436F8}.Release|Any CPU.Deploy.0 = Release|Any CPU
		{0C629439-A8D0-4E09-BC35-4FD4BB9436F8}.Release|iPhone.ActiveCfg = Release|Any CPU
		{0C629439-A8D0-4E09-BC35-4FD4BB9436F8}.Release|iPhone.Build.0 = Release|Any CPU
		{0C629439-A8D0-4E09-BC35-4FD4BB9436F8}.Release|iPhone.Deploy.0 = Release|Any CPU
		{0C629439-A8D0-4E09-BC35-4FD4BB9436F8}.Release|iPhoneSimulator.ActiveCfg = Release|Any CPU
		{0C629439-A8D0-4E09-BC35-4FD4BB9436F8}.Release|iPhoneSimulator.Build.0 = Release|Any CPU
		{0C629439-A8D0-4E09-BC35-4FD4BB9436F8}.Release|iPhoneSimulator.Deploy.0 = Release|Any CPU
		{7460EC1E-3BCF-4C2B-8B14-1F0333CB2BCE}.Debug|Any CPU.ActiveCfg = Debug|iPhone
		{7460EC1E-3BCF-4C2B-8B14-1F0333CB2BCE}.Debug|Any CPU.Build.0 = Debug|iPhone
		{7460EC1E-3BCF-4C2B-8B14-1F0333CB2BCE}.Debug|Any CPU.Deploy.0 = Debug|iPhone
		{7460EC1E-3BCF-4C2B-8B14-1F0333CB2BCE}.Debug|iPhone.ActiveCfg = Debug|iPhone
		{7460EC1E-3BCF-4C2B-8B14-1F0333CB2BCE}.Debug|iPhone.Build.0 = Debug|iPhone
		{7460EC1E-3BCF-4C2B-8B14-1F0333CB2BCE}.Debug|iPhone.Deploy.0 = Debug|iPhone
		{7460EC1E-3BCF-4C2B-8B14-1F0333CB2BCE}.Debug|iPhoneSimulator.ActiveCfg = Debug|iPhoneSimulator
		{7460EC1E-3BCF-4C2B-8B14-1F0333CB2BCE}.Debug|iPhoneSimulator.Build.0 = Debug|iPhoneSimulator
		{7460EC1E-3BCF-4C2B-8B14-1F0333CB2BCE}.Debug|iPhoneSimulator.Deploy.0 = Debug|iPhoneSimulator
		{7460EC1E-3BCF-4C2B-8B14-1F0333CB2BCE}.Release|Any CPU.ActiveCfg = Release|iPhoneSimulator
		{7460EC1E-3BCF-4C2B-8B14-1F0333CB2BCE}.Release|Any CPU.Build.0 = Release|iPhoneSimulator
		{7460EC1E-3BCF-4C2B-8B14-1F0333CB2BCE}.Release|Any CPU.Deploy.0 = Release|iPhoneSimulator
		{7460EC1E-3BCF-4C2B-8B14-1F0333CB2BCE}.Release|iPhone.ActiveCfg = Release|iPhone
		{7460EC1E-3BCF-4C2B-8B14-1F0333CB2BCE}.Release|iPhone.Build.0 = Release|iPhone
		{7460EC1E-3BCF-4C2B-8B14-1F0333CB2BCE}.Release|iPhone.Deploy.0 = Release|iPhone
		{7460EC1E-3BCF-4C2B-8B14-1F0333CB2BCE}.Release|iPhoneSimulator.ActiveCfg = Release|iPhoneSimulator
		{7460EC1E-3BCF-4C2B-8B14-1F0333CB2BCE}.Release|iPhoneSimulator.Build.0 = Release|iPhoneSimulator
		{7460EC1E-3BCF-4C2B-8B14-1F0333CB2BCE}.Release|iPhoneSimulator.Deploy.0 = Release|iPhoneSimulator
		{DF453994-C0C2-493D-964D-830E0C7FA9E4}.Debug|Any CPU.ActiveCfg = Debug|Any CPU
		{DF453994-C0C2-493D-964D-830E0C7FA9E4}.Debug|Any CPU.Build.0 = Debug|Any CPU
		{DF453994-C0C2-493D-964D-830E0C7FA9E4}.Debug|Any CPU.Deploy.0 = Debug|Any CPU
		{DF453994-C0C2-493D-964D-830E0C7FA9E4}.Debug|iPhone.ActiveCfg = Debug|Any CPU
		{DF453994-C0C2-493D-964D-830E0C7FA9E4}.Debug|iPhone.Build.0 = Debug|Any CPU
		{DF453994-C0C2-493D-964D-830E0C7FA9E4}.Debug|iPhone.Deploy.0 = Debug|Any CPU
		{DF453994-C0C2-493D-964D-830E0C7FA9E4}.Debug|iPhoneSimulator.ActiveCfg = Debug|Any CPU
		{DF453994-C0C2-493D-964D-830E0C7FA9E4}.Debug|iPhoneSimulator.Build.0 = Debug|Any CPU
		{DF453994-C0C2-493D-964D-830E0C7FA9E4}.Debug|iPhoneSimulator.Deploy.0 = Debug|Any CPU
		{DF453994-C0C2-493D-964D-830E0C7FA9E4}.Release|Any CPU.ActiveCfg = Release|Any CPU
		{DF453994-C0C2-493D-964D-830E0C7FA9E4}.Release|Any CPU.Build.0 = Release|Any CPU
		{DF453994-C0C2-493D-964D-830E0C7FA9E4}.Release|Any CPU.Deploy.0 = Release|Any CPU
		{DF453994-C0C2-493D-964D-830E0C7FA9E4}.Release|iPhone.ActiveCfg = Release|Any CPU
		{DF453994-C0C2-493D-964D-830E0C7FA9E4}.Release|iPhone.Build.0 = Release|Any CPU
		{DF453994-C0C2-493D-964D-830E0C7FA9E4}.Release|iPhone.Deploy.0 = Release|Any CPU
		{DF453994-C0C2-493D-964D-830E0C7FA9E4}.Release|iPhoneSimulator.ActiveCfg = Release|Any CPU
		{DF453994-C0C2-493D-964D-830E0C7FA9E4}.Release|iPhoneSimulator.Build.0 = Release|Any CPU
		{DF453994-C0C2-493D-964D-830E0C7FA9E4}.Release|iPhoneSimulator.Deploy.0 = Release|Any CPU
	EndGlobalSection
	GlobalSection(SolutionProperties) = preSolution
		HideSolutionNode = FALSE
	EndGlobalSection
	GlobalSection(ExtensibilityGlobals) = postSolution
		SolutionGuid = {2129B43C-7678-4BA6-A7FC-32CE9D884EC9}
	EndGlobalSection
EndGlobal
